{
  "version": 4,
  "terraform_version": "0.12.24",
  "serial": 8,
  "lineage": "3446d7f8-4bcc-74a6-85a6-d71014c71a60",
  "outputs": {},
  "resources": [
    {
      "mode": "managed",
      "type": "aws_lambda_event_source_mapping",
      "name": "user_lambda_event_trigger",
      "provider": "provider.aws",
      "instances": [
        {
          "schema_version": 0,
          "attributes": {
            "batch_size": 10,
            "bisect_batch_on_function_error": false,
            "destination_config": [],
            "enabled": true,
            "event_source_arn": "arn:aws:sqs:us-west-2:280138148799:user_queue.fifo",
            "function_arn": "arn:aws:lambda:us-west-2:280138148799:function:encouragement-now-api-dev-getRandomUser",
            "function_name": "arn:aws:lambda:us-west-2:280138148799:function:encouragement-now-api-dev-getRandomUser",
            "id": "4ec8f43f-1a88-4f35-9430-13ac5b49348b",
            "last_modified": "2020-04-17T00:39:31Z",
            "last_processing_result": "",
            "maximum_batching_window_in_seconds": 0,
            "maximum_record_age_in_seconds": 0,
            "maximum_retry_attempts": 0,
            "parallelization_factor": 0,
            "starting_position": null,
            "starting_position_timestamp": null,
            "state": "Creating",
            "state_transition_reason": "USER_INITIATED",
            "uuid": "4ec8f43f-1a88-4f35-9430-13ac5b49348b"
          },
          "private": "bnVsbA==",
          "dependencies": [
            "aws_sqs_queue.user_queue"
          ]
        }
      ]
    },
    {
      "mode": "managed",
      "type": "aws_sqs_queue",
      "name": "user_queue",
      "provider": "provider.aws",
      "instances": [
        {
          "schema_version": 0,
          "attributes": {
            "arn": "arn:aws:sqs:us-west-2:280138148799:user_queue.fifo",
            "content_based_deduplication": true,
            "delay_seconds": 0,
            "fifo_queue": true,
            "id": "https://sqs.us-west-2.amazonaws.com/280138148799/user_queue.fifo",
            "kms_data_key_reuse_period_seconds": 300,
            "kms_master_key_id": "",
            "max_message_size": 262144,
            "message_retention_seconds": 345600,
            "name": "user_queue.fifo",
            "name_prefix": null,
            "policy": "",
            "receive_wait_time_seconds": 0,
            "redrive_policy": "",
            "tags": {},
            "visibility_timeout_seconds": 30
          },
          "private": "bnVsbA=="
        }
      ]
    }
  ]
}
